// !$*UTF8*$!
{
	archiveVersion = 1;
	classes = {
	};
	objectVersion = 50;
	objects = {

/* Begin PBXBuildFile section */
		96BE2E98266D628F0020F833 /* AppDelegate.swift in Sources */ = {isa = PBXBuildFile; fileRef = 96BE2E97266D628F0020F833 /* AppDelegate.swift */; };
		96BE2E9A266D628F0020F833 /* SceneDelegate.swift in Sources */ = {isa = PBXBuildFile; fileRef = 96BE2E99266D628F0020F833 /* SceneDelegate.swift */; };
		96BE2E9C266D628F0020F833 /* ViewController.swift in Sources */ = {isa = PBXBuildFile; fileRef = 96BE2E9B266D628F0020F833 /* ViewController.swift */; };
		96BE2E9F266D628F0020F833 /* Main.storyboard in Resources */ = {isa = PBXBuildFile; fileRef = 96BE2E9D266D628F0020F833 /* Main.storyboard */; };
		96BE2EA1266D62900020F833 /* Assets.xcassets in Resources */ = {isa = PBXBuildFile; fileRef = 96BE2EA0266D62900020F833 /* Assets.xcassets */; };
		96BE2EA4266D62900020F833 /* LaunchScreen.storyboard in Resources */ = {isa = PBXBuildFile; fileRef = 96BE2EA2266D62900020F833 /* LaunchScreen.storyboard */; };
		96BE2EAF266D62900020F833 /* HopscotchTests.swift in Sources */ = {isa = PBXBuildFile; fileRef = 96BE2EAE266D62900020F833 /* HopscotchTests.swift */; };
		96BE2EBA266D62900020F833 /* HopscotchUITests.swift in Sources */ = {isa = PBXBuildFile; fileRef = 96BE2EB9266D62900020F833 /* HopscotchUITests.swift */; };
/* End PBXBuildFile section */

/* Begin PBXContainerItemProxy section */
		96BE2EAB266D62900020F833 /* PBXContainerItemProxy */ = {
			isa = PBXContainerItemProxy;
			containerPortal = 96BE2E8C266D628F0020F833 /* Project object */;
			proxyType = 1;
			remoteGlobalIDString = 96BE2E93266D628F0020F833;
			remoteInfo = Hopscotch;
		};
		96BE2EB6266D62900020F833 /* PBXContainerItemProxy */ = {
			isa = PBXContainerItemProxy;
			containerPortal = 96BE2E8C266D628F0020F833 /* Project object */;
			proxyType = 1;
			remoteGlobalIDString = 96BE2E93266D628F0020F833;
			remoteInfo = Hopscotch;
		};
/* End PBXContainerItemProxy section */

/* Begin PBXFileReference section */
		96BE2E94266D628F0020F833 /* Hopscotch.app */ = {isa = PBXFileReference; explicitFileType = wrapper.application; includeInIndex = 0; path = Hopscotch.app; sourceTree = BUILT_PRODUCTS_DIR; };
		96BE2E97266D628F0020F833 /* AppDelegate.swift */ = {isa = PBXFileReference; lastKnownFileType = sourcecode.swift; path = AppDelegate.swift; sourceTree = "<group>"; };
		96BE2E99266D628F0020F833 /* SceneDelegate.swift */ = {isa = PBXFileReference; lastKnownFileType = sourcecode.swift; path = SceneDelegate.swift; sourceTree = "<group>"; };
		96BE2E9B266D628F0020F833 /* ViewController.swift */ = {isa = PBXFileReference; lastKnownFileType = sourcecode.swift; path = ViewController.swift; sourceTree = "<group>"; };
		96BE2E9E266D628F0020F833 /* Base */ = {isa = PBXFileReference; lastKnownFileType = file.storyboard; name = Base; path = Base.lproj/Main.storyboard; sourceTree = "<group>"; };
		96BE2EA0266D62900020F833 /* Assets.xcassets */ = {isa = PBXFileReference; lastKnownFileType = folder.assetcatalog; path = Assets.xcassets; sourceTree = "<group>"; };
		96BE2EA3266D62900020F833 /* Base */ = {isa = PBXFileReference; lastKnownFileType = file.storyboard; name = Base; path = Base.lproj/LaunchScreen.storyboard; sourceTree = "<group>"; };
		96BE2EA5266D62900020F833 /* Info.plist */ = {isa = PBXFileReference; lastKnownFileType = text.plist.xml; path = Info.plist; sourceTree = "<group>"; };
		96BE2EAA266D62900020F833 /* HopscotchTests.xctest */ = {isa = PBXFileReference; explicitFileType = wrapper.cfbundle; includeInIndex = 0; path = HopscotchTests.xctest; sourceTree = BUILT_PRODUCTS_DIR; };
		96BE2EAE266D62900020F833 /* HopscotchTests.swift */ = {isa = PBXFileReference; lastKnownFileType = sourcecode.swift; path = HopscotchTests.swift; sourceTree = "<group>"; };
		96BE2EB0266D62900020F833 /* Info.plist */ = {isa = PBXFileReference; lastKnownFileType = text.plist.xml; path = Info.plist; sourceTree = "<group>"; };
		96BE2EB5266D62900020F833 /* HopscotchUITests.xctest */ = {isa = PBXFileReference; explicitFileType = wrapper.cfbundle; includeInIndex = 0; path = HopscotchUITests.xctest; sourceTree = BUILT_PRODUCTS_DIR; };
		96BE2EB9266D62900020F833 /* HopscotchUITests.swift */ = {isa = PBXFileReference; lastKnownFileType = sourcecode.swift; path = HopscotchUITests.swift; sourceTree = "<group>"; };
		96BE2EBB266D62900020F833 /* Info.plist */ = {isa = PBXFileReference; lastKnownFileType = text.plist.xml; path = Info.plist; sourceTree = "<group>"; };
/* End PBXFileReference section */

/* Begin PBXFrameworksBuildPhase section */
		96BE2E91266D628F0020F833 /* Frameworks */ = {
			isa = PBXFrameworksBuildPhase;
			buildActionMask = 2147483647;
			files = (
			);
			runOnlyForDeploymentPostprocessing = 0;
		};
		96BE2EA7266D62900020F833 /* Frameworks */ = {
			isa = PBXFrameworksBuildPhase;
			buildActionMask = 2147483647;
			files = (
			);
			runOnlyForDeploymentPostprocessing = 0;
		};
		96BE2EB2266D62900020F833 /* Frameworks */ = {
			isa = PBXFrameworksBuildPhase;
			buildActionMask = 2147483647;
			files = (
			);
			runOnlyForDeploymentPostprocessing = 0;
		};
/* End PBXFrameworksBuildPhase section */

/* Begin PBXGroup section */
		96BE2E8B266D628F0020F833 = {
			isa = PBXGroup;
			children = (
				96BE2E96266D628F0020F833 /* Hopscotch */,
				96BE2EAD266D62900020F833 /* HopscotchTests */,
				96BE2EB8266D62900020F833 /* HopscotchUITests */,
				96BE2E95266D628F0020F833 /* Products */,
			);
			sourceTree = "<group>";
		};
		96BE2E95266D628F0020F833 /* Products */ = {
			isa = PBXGroup;
			children = (
				96BE2E94266D628F0020F833 /* Hopscotch.app */,
				96BE2EAA266D62900020F833 /* HopscotchTests.xctest */,
				96BE2EB5266D62900020F833 /* HopscotchUITests.xctest */,
			);
			name = Products;
			sourceTree = "<group>";
		};
		96BE2E96266D628F0020F833 /* Hopscotch */ = {
			isa = PBXGroup;
			children = (
				96BE2E97266D628F0020F833 /* AppDelegate.swift */,
				96BE2E99266D628F0020F833 /* SceneDelegate.swift */,
				96BE2E9B266D628F0020F833 /* ViewController.swift */,
				96BE2E9D266D628F0020F833 /* Main.storyboard */,
				96BE2EA0266D62900020F833 /* Assets.xcassets */,
				96BE2EA2266D62900020F833 /* LaunchScreen.storyboard */,
				96BE2EA5266D62900020F833 /* Info.plist */,
			);
			path = Hopscotch;
			sourceTree = "<group>";
		};
		96BE2EAD266D62900020F833 /* HopscotchTests */ = {
			isa = PBXGroup;
			children = (
				96BE2EAE266D62900020F833 /* HopscotchTests.swift */,
				96BE2EB0266D62900020F833 /* Info.plist */,
			);
			path = HopscotchTests;
			sourceTree = "<group>";
		};
		96BE2EB8266D62900020F833 /* HopscotchUITests */ = {
			isa = PBXGroup;
			children = (
				96BE2EB9266D62900020F833 /* HopscotchUITests.swift */,
				96BE2EBB266D62900020F833 /* Info.plist */,
			);
			path = HopscotchUITests;
			sourceTree = "<group>";
		};
/* End PBXGroup section */

/* Begin PBXNativeTarget section */
		96BE2E93266D628F0020F833 /* Hopscotch */ = {
			isa = PBXNativeTarget;
			buildConfigurationList = 96BE2EBE266D62900020F833 /* Build configuration list for PBXNativeTarget "Hopscotch" */;
			buildPhases = (
				96BE2E90266D628F0020F833 /* Sources */,
				96BE2E91266D628F0020F833 /* Frameworks */,
				96BE2E92266D628F0020F833 /* Resources */,
			);
			buildRules = (
			);
			dependencies = (
			);
			name = Hopscotch;
			productName = Hopscotch;
			productReference = 96BE2E94266D628F0020F833 /* Hopscotch.app */;
			productType = "com.apple.product-type.application";
		};
		96BE2EA9266D62900020F833 /* HopscotchTests */ = {
			isa = PBXNativeTarget;
			buildConfigurationList = 96BE2EC1266D62900020F833 /* Build configuration list for PBXNativeTarget "HopscotchTests" */;
			buildPhases = (
				96BE2EA6266D62900020F833 /* Sources */,
				96BE2EA7266D62900020F833 /* Frameworks */,
				96BE2EA8266D62900020F833 /* Resources */,
			);
			buildRules = (
			);
			dependencies = (
				96BE2EAC266D62900020F833 /* PBXTargetDependency */,
			);
			name = HopscotchTests;
			productName = HopscotchTests;
			productReference = 96BE2EAA266D62900020F833 /* HopscotchTests.xctest */;
			productType = "com.apple.product-type.bundle.unit-test";
		};
		96BE2EB4266D62900020F833 /* HopscotchUITests */ = {
			isa = PBXNativeTarget;
			buildConfigurationList = 96BE2EC4266D62900020F833 /* Build configuration list for PBXNativeTarget "HopscotchUITests" */;
			buildPhases = (
				96BE2EB1266D62900020F833 /* Sources */,
				96BE2EB2266D62900020F833 /* Frameworks */,
				96BE2EB3266D62900020F833 /* Resources */,
			);
			buildRules = (
			);
			dependencies = (
				96BE2EB7266D62900020F833 /* PBXTargetDependency */,
			);
			name = HopscotchUITests;
			productName = HopscotchUITests;
			productReference = 96BE2EB5266D62900020F833 /* HopscotchUITests.xctest */;
			productType = "com.apple.product-type.bundle.ui-testing";
		};
/* End PBXNativeTarget section */

/* Begin PBXProject section */
		96BE2E8C266D628F0020F833 /* Project object */ = {
			isa = PBXProject;
			attributes = {
				LastSwiftUpdateCheck = 1230;
				LastUpgradeCheck = 1230;
				TargetAttributes = {
					96BE2E93266D628F0020F833 = {
						CreatedOnToolsVersion = 12.3;
					};
					96BE2EA9266D62900020F833 = {
						CreatedOnToolsVersion = 12.3;
						TestTargetID = 96BE2E93266D628F0020F833;
					};
					96BE2EB4266D62900020F833 = {
						CreatedOnToolsVersion = 12.3;
						TestTargetID = 96BE2E93266D628F0020F833;
					};
				};
			};
			buildConfigurationList = 96BE2E8F266D628F0020F833 /* Build configuration list for PBXProject "Hopscotch" */;
			compatibilityVersion = "Xcode 9.3";
			developmentRegion = en;
			hasScannedForEncodings = 0;
			knownRegions = (
				en,
				Base,
			);
			mainGroup = 96BE2E8B266D628F0020F833;
			productRefGroup = 96BE2E95266D628F0020F833 /* Products */;
			projectDirPath = "";
			projectRoot = "";
			targets = (
				96BE2E93266D628F0020F833 /* Hopscotch */,
				96BE2EA9266D62900020F833 /* HopscotchTests */,
				96BE2EB4266D62900020F833 /* HopscotchUITests */,
			);
		};
/* End PBXProject section */

/* Begin PBXResourcesBuildPhase section */
		96BE2E92266D628F0020F833 /* Resources */ = {
			isa = PBXResourcesBuildPhase;
			buildActionMask = 2147483647;
			files = (
				96BE2EA4266D62900020F833 /* LaunchScreen.storyboard in Resources */,
				96BE2EA1266D62900020F833 /* Assets.xcassets in Resources */,
				96BE2E9F266D628F0020F833 /* Main.storyboard in Resources */,
			);
			runOnlyForDeploymentPostprocessing = 0;
		};
		96BE2EA8266D62900020F833 /* Resources */ = {
			isa = PBXResourcesBuildPhase;
			buildActionMask = 2147483647;
			files = (
			);
			runOnlyForDeploymentPostprocessing = 0;
		};
		96BE2EB3266D62900020F833 /* Resources */ = {
			isa = PBXResourcesBuildPhase;
			buildActionMask = 2147483647;
			files = (
			);
			runOnlyForDeploymentPostprocessing = 0;
		};
/* End PBXResourcesBuildPhase section */

/* Begin PBXSourcesBuildPhase section */
		96BE2E90266D628F0020F833 /* Sources */ = {
			isa = PBXSourcesBuildPhase;
			buildActionMask = 2147483647;
			files = (
				96BE2E9C266D628F0020F833 /* ViewController.swift in Sources */,
				96BE2E98266D628F0020F833 /* AppDelegate.swift in Sources */,
				96BE2E9A266D628F0020F833 /* SceneDelegate.swift in Sources */,
			);
			runOnlyForDeploymentPostprocessing = 0;
		};
		96BE2EA6266D62900020F833 /* Sources */ = {
			isa = PBXSourcesBuildPhase;
			buildActionMask = 2147483647;
			files = (
				96BE2EAF266D62900020F833 /* HopscotchTests.swift in Sources */,
			);
			runOnlyForDeploymentPostprocessing = 0;
		};
		96BE2EB1266D62900020F833 /* Sources */ = {
			isa = PBXSourcesBuildPhase;
			buildActionMask = 2147483647;
			files = (
				96BE2EBA266D62900020F833 /* HopscotchUITests.swift in Sources */,
			);
			runOnlyForDeploymentPostprocessing = 0;
		};
/* End PBXSourcesBuildPhase section */

/* Begin PBXTargetDependency section */
		96BE2EAC266D62900020F833 /* PBXTargetDependency */ = {
			isa = PBXTargetDependency;
			target = 96BE2E93266D628F0020F833 /* Hopscotch */;
			targetProxy = 96BE2EAB266D62900020F833 /* PBXContainerItemProxy */;
		};
		96BE2EB7266D62900020F833 /* PBXTargetDependency */ = {
			isa = PBXTargetDependency;
			target = 96BE2E93266D628F0020F833 /* Hopscotch */;
			targetProxy = 96BE2EB6266D62900020F833 /* PBXContainerItemProxy */;
		};
/* End PBXTargetDependency section */

/* Begin PBXVariantGroup section */
		96BE2E9D266D628F0020F833 /* Main.storyboard */ = {
			isa = PBXVariantGroup;
			children = (
				96BE2E9E266D628F0020F833 /* Base */,
			);
			name = Main.storyboard;
			sourceTree = "<group>";
		};
		96BE2EA2266D62900020F833 /* LaunchScreen.storyboard */ = {
			isa = PBXVariantGroup;
			children = (
				96BE2EA3266D62900020F833 /* Base */,
			);
			name = LaunchScreen.storyboard;
			sourceTree = "<group>";
		};
/* End PBXVariantGroup section */

/* Begin XCBuildConfiguration section */
		96BE2EBC266D62900020F833 /* Debug */ = {
			isa = XCBuildConfiguration;
			buildSettings = {
				ALWAYS_SEARCH_USER_PATHS = NO;
				CLANG_ANALYZER_NONNULL = YES;
				CLANG_ANALYZER_NUMBER_OBJECT_CONVERSION = YES_AGGRESSIVE;
				CLANG_CXX_LANGUAGE_STANDARD = "gnu++14";
				CLANG_CXX_LIBRARY = "libc++";
				CLANG_ENABLE_MODULES = YES;
				CLANG_ENABLE_OBJC_ARC = YES;
				CLANG_ENABLE_OBJC_WEAK = YES;
				CLANG_WARN_BLOCK_CAPTURE_AUTORELEASING = YES;
				CLANG_WARN_BOOL_CONVERSION = YES;
				CLANG_WARN_COMMA = YES;
				CLANG_WARN_CONSTANT_CONVERSION = YES;
				CLANG_WARN_DEPRECATED_OBJC_IMPLEMENTATIONS = YES;
				CLANG_WARN_DIRECT_OBJC_ISA_USAGE = YES_ERROR;
				CLANG_WARN_DOCUMENTATION_COMMENTS = YES;
				CLANG_WARN_EMPTY_BODY = YES;
				CLANG_WARN_ENUM_CONVERSION = YES;
				CLANG_WARN_INFINITE_RECURSION = YES;
				CLANG_WARN_INT_CONVERSION = YES;
				CLANG_WARN_NON_LITERAL_NULL_CONVERSION = YES;
				CLANG_WARN_OBJC_IMPLICIT_RETAIN_SELF = YES;
				CLANG_WARN_OBJC_LITERAL_CONVERSION = YES;
				CLANG_WARN_OBJC_ROOT_CLASS = YES_ERROR;
				CLANG_WARN_QUOTED_INCLUDE_IN_FRAMEWORK_HEADER = YES;
				CLANG_WARN_RANGE_LOOP_ANALYSIS = YES;
				CLANG_WARN_STRICT_PROTOTYPES = YES;
				CLANG_WARN_SUSPICIOUS_MOVE = YES;
				CLANG_WARN_UNGUARDED_AVAILABILITY = YES_AGGRESSIVE;
				CLANG_WARN_UNREACHABLE_CODE = YES;
				CLANG_WARN__DUPLICATE_METHOD_MATCH = YES;
				COPY_PHASE_STRIP = NO;
				DEBUG_INFORMATION_FORMAT = dwarf;
				ENABLE_STRICT_OBJC_MSGSEND = YES;
				ENABLE_TESTABILITY = YES;
				GCC_C_LANGUAGE_STANDARD = gnu11;
				GCC_DYNAMIC_NO_PIC = NO;
				GCC_NO_COMMON_BLOCKS = YES;
				GCC_OPTIMIZATION_LEVEL = 0;
				GCC_PREPROCESSOR_DEFINITIONS = (
					"DEBUG=1",
					"$(inherited)",
				);
				GCC_WARN_64_TO_32_BIT_CONVERSION = YES;
				GCC_WARN_ABOUT_RETURN_TYPE = YES_ERROR;
				GCC_WARN_UNDECLARED_SELECTOR = YES;
				GCC_WARN_UNINITIALIZED_AUTOS = YES_AGGRESSIVE;
				GCC_WARN_UNUSED_FUNCTION = YES;
				GCC_WARN_UNUSED_VARIABLE = YES;
				IPHONEOS_DEPLOYMENT_TARGET = 14.3;
				MTL_ENABLE_DEBUG_INFO = INCLUDE_SOURCE;
				MTL_FAST_MATH = YES;
				ONLY_ACTIVE_ARCH = YES;
				SDKROOT = iphoneos;
				SWIFT_ACTIVE_COMPILATION_CONDITIONS = DEBUG;
				SWIFT_OPTIMIZATION_LEVEL = "-Onone";
			};
			name = Debug;
		};
		96BE2EBD266D62900020F833 /* Release */ = {
			isa = XCBuildConfiguration;
			buildSettings = {
				ALWAYS_SEARCH_USER_PATHS = NO;
				CLANG_ANALYZER_NONNULL = YES;
				CLANG_ANALYZER_NUMBER_OBJECT_CONVERSION = YES_AGGRESSIVE;
				CLANG_CXX_LANGUAGE_STANDARD = "gnu++14";
				CLANG_CXX_LIBRARY = "libc++";
				CLANG_ENABLE_MODULES = YES;
				CLANG_ENABLE_OBJC_ARC = YES;
				CLANG_ENABLE_OBJC_WEAK = YES;
				CLANG_WARN_BLOCK_CAPTURE_AUTORELEASING = YES;
				CLANG_WARN_BOOL_CONVERSION = YES;
				CLANG_WARN_COMMA = YES;
				CLANG_WARN_CONSTANT_CONVERSION = YES;
				CLANG_WARN_DEPRECATED_OBJC_IMPLEMENTATIONS = YES;
				CLANG_WARN_DIRECT_OBJC_ISA_USAGE = YES_ERROR;
				CLANG_WARN_DOCUMENTATION_COMMENTS = YES;
				CLANG_WARN_EMPTY_BODY = YES;
				CLANG_WARN_ENUM_CONVERSION = YES;
				CLANG_WARN_INFINITE_RECURSION = YES;
				CLANG_WARN_INT_CONVERSION = YES;
				CLANG_WARN_NON_LITERAL_NULL_CONVERSION = YES;
				CLANG_WARN_OBJC_IMPLICIT_RETAIN_SELF = YES;
				CLANG_WARN_OBJC_LITERAL_CONVERSION = YES;
				CLANG_WARN_OBJC_ROOT_CLASS = YES_ERROR;
				CLANG_WARN_QUOTED_INCLUDE_IN_FRAMEWORK_HEADER = YES;
				CLANG_WARN_RANGE_LOOP_ANALYSIS = YES;
				CLANG_WARN_STRICT_PROTOTYPES = YES;
				CLANG_WARN_SUSPICIOUS_MOVE = YES;
				CLANG_WARN_UNGUARDED_AVAILABILITY = YES_AGGRESSIVE;
				CLANG_WARN_UNREACHABLE_CODE = YES;
				CLANG_WARN__DUPLICATE_METHOD_MATCH = YES;
				COPY_PHASE_STRIP = NO;
				DEBUG_INFORMATION_FORMAT = "dwarf-with-dsym";
				ENABLE_NS_ASSERTIONS = NO;
				ENABLE_STRICT_OBJC_MSGSEND = YES;
				GCC_C_LANGUAGE_STANDARD = gnu11;
				GCC_NO_COMMON_BLOCKS = YES;
				GCC_WARN_64_TO_32_BIT_CONVERSION = YES;
				GCC_WARN_ABOUT_RETURN_TYPE = YES_ERROR;
				GCC_WARN_UNDECLARED_SELECTOR = YES;
				GCC_WARN_UNINITIALIZED_AUTOS = YES_AGGRESSIVE;
				GCC_WARN_UNUSED_FUNCTION = YES;
				GCC_WARN_UNUSED_VARIABLE = YES;
				IPHONEOS_DEPLOYMENT_TARGET = 14.3;
				MTL_ENABLE_DEBUG_INFO = NO;
				MTL_FAST_MATH = YES;
				SDKROOT = iphoneos;
				SWIFT_COMPILATION_MODE = wholemodule;
				SWIFT_OPTIMIZATION_LEVEL = "-O";
				VALIDATE_PRODUCT = YES;
			};
			name = Release;
		};
		96BE2EBF266D62900020F833 /* Debug */ = {
			isa = XCBuildConfiguration;
			buildSettings = {
				ASSETCATALOG_COMPILER_APPICON_NAME = AppIcon;
				ASSETCATALOG_COMPILER_GLOBAL_ACCENT_COLOR_NAME = AccentColor;
				CODE_SIGN_STYLE = Automatic;
				INFOPLIST_FILE = Hopscotch/Info.plist;
				LD_RUNPATH_SEARCH_PATHS = (
					"$(inherited)",
					"@executable_path/Frameworks",
				);
				PRODUCT_BUNDLE_IDENTIFIER = com.abdul.Hopscotch;
				PRODUCT_NAME = "$(TARGET_NAME)";
				SWIFT_VERSION = 5.0;
				TARGETED_DEVICE_FAMILY = "1,2";
			};
			name = Debug;
		};
		96BE2EC0266D62900020F833 /* Release */ = {
			isa = XCBuildConfiguration;
			buildSettings = {
				ASSETCATALOG_COMPILER_APPICON_NAME = AppIcon;
				ASSETCATALOG_COMPILER_GLOBAL_ACCENT_COLOR_NAME = AccentColor;
				CODE_SIGN_STYLE = Automatic;
				INFOPLIST_FILE = Hopscotch/Info.plist;
				LD_RUNPATH_SEARCH_PATHS = (
					"$(inherited)",
					"@executable_path/Frameworks",
				);
				PRODUCT_BUNDLE_IDENTIFIER = com.abdul.Hopscotch;
				PRODUCT_NAME = "$(TARGET_NAME)";
				SWIFT_VERSION = 5.0;
				TARGETED_DEVICE_FAMILY = "1,2";
			};
			name = Release;
		};
		96BE2EC2266D62900020F833 /* Debug */ = {
			isa = XCBuildConfiguration;
			buildSettings = {
				ALWAYS_EMBED_SWIFT_STANDARD_LIBRARIES = YES;
				BUNDLE_LOADER = "$(TEST_HOST)";
				CODE_SIGN_STYLE = Automatic;
				INFOPLIST_FILE = HopscotchTests/Info.plist;
				IPHONEOS_DEPLOYMENT_TARGET = 14.3;
				LD_RUNPATH_SEARCH_PATHS = (
					"$(inherited)",
					"@executable_path/Frameworks",
					"@loader_path/Frameworks",
				);
				PRODUCT_BUNDLE_IDENTIFIER = com.abdul.HopscotchTests;
				PRODUCT_NAME = "$(TARGET_NAME)";
				SWIFT_VERSION = 5.0;
				TARGETED_DEVICE_FAMILY = "1,2";
				TEST_HOST = "$(BUILT_PRODUCTS_DIR)/Hopscotch.app/Hopscotch";
			};
			name = Debug;
		};
		96BE2EC3266D62900020F833 /* Release */ = {
			isa = XCBuildConfiguration;
			buildSettings = {
				ALWAYS_EMBED_SWIFT_STANDARD_LIBRARIES = YES;
				BUNDLE_LOADER = "$(TEST_HOST)";
				CODE_SIGN_STYLE = Automatic;
				INFOPLIST_FILE = HopscotchTests/Info.plist;
				IPHONEOS_DEPLOYMENT_TARGET = 14.3;
				LD_RUNPATH_SEARCH_PATHS = (
					"$(inherited)",
					"@executable_path/Frameworks",
					"@loader_path/Frameworks",
				);
				PRODUCT_BUNDLE_IDENTIFIER = com.abdul.HopscotchTests;
				PRODUCT_NAME = "$(TARGET_NAME)";
				SWIFT_VERSION = 5.0;
				TARGETED_DEVICE_FAMILY = "1,2";
				TEST_HOST = "$(BUILT_PRODUCTS_DIR)/Hopscotch.app/Hopscotch";
			};
			name = Release;
		};
		96BE2EC5266D62900020F833 /* Debug */ = {
			isa = XCBuildConfiguration;
			buildSettings = {
				ALWAYS_EMBED_SWIFT_STANDARD_LIBRARIES = YES;
				CODE_SIGN_STYLE = Automatic;
				INFOPLIST_FILE = HopscotchUITests/Info.plist;
				LD_RUNPATH_SEARCH_PATHS = (
					"$(inherited)",
					"@executable_path/Frameworks",
					"@loader_path/Frameworks",
				);
				PRODUCT_BUNDLE_IDENTIFIER = com.abdul.HopscotchUITests;
				PRODUCT_NAME = "$(TARGET_NAME)";
				SWIFT_VERSION = 5.0;
				TARGETED_DEVICE_FAMILY = "1,2";
				TEST_TARGET_NAME = Hopscotch;
			};
			name = Debug;
		};
		96BE2EC6266D62900020F833 /* Release */ = {
			isa = XCBuildConfiguration;
			buildSettings = {
				ALWAYS_EMBED_SWIFT_STANDARD_LIBRARIES = YES;
				CODE_SIGN_STYLE = Automatic;
				INFOPLIST_FILE = HopscotchUITests/Info.plist;
				LD_RUNPATH_SEARCH_PATHS = (
					"$(inherited)",
					"@executable_path/Frameworks",
					"@loader_path/Frameworks",
				);
				PRODUCT_BUNDLE_IDENTIFIER = com.abdul.HopscotchUITests;
				PRODUCT_NAME = "$(TARGET_NAME)";
				SWIFT_VERSION = 5.0;
				TARGETED_DEVICE_FAMILY = "1,2";
				TEST_TARGET_NAME = Hopscotch;
			};
			name = Release;
		};
/* End XCBuildConfiguration section */

/* Begin XCConfigurationList section */
		96BE2E8F266D628F0020F833 /* Build configuration list for PBXProject "Hopscotch" */ = {
			isa = XCConfigurationList;
			buildConfigurations = (
				96BE2EBC266D62900020F833 /* Debug */,
				96BE2EBD266D62900020F833 /* Release */,
			);
			defaultConfigurationIsVisible = 0;
			defaultConfigurationName = Release;
		};
		96BE2EBE266D62900020F833 /* Build configuration list for PBXNativeTarget "Hopscotch" */ = {
			isa = XCConfigurationList;
			buildConfigurations = (
				96BE2EBF266D62900020F833 /* Debug */,
				96BE2EC0266D62900020F833 /* Release */,
			);
			defaultConfigurationIsVisible = 0;
			defaultConfigurationName = Release;
		};
		96BE2EC1266D62900020F833 /* Build configuration list for PBXNativeTarget "HopscotchTests" */ = {
			isa = XCConfigurationList;
			buildConfigurations = (
				96BE2EC2266D62900020F833 /* Debug */,
				96BE2EC3266D62900020F833 /* Release */,
			);
			defaultConfigurationIsVisible = 0;
			defaultConfigurationName = Release;
		};
		96BE2EC4266D62900020F833 /* Build configuration list for PBXNativeTarget "HopscotchUITests" */ = {
			isa = XCConfigurationList;
			buildConfigurations = (
				96BE2EC5266D62900020F833 /* Debug */,
				96BE2EC6266D62900020F833 /* Release */,
			);
			defaultConfigurationIsVisible = 0;
			defaultConfigurationName = Release;
		};
/* End XCConfigurationList section */
	};
	rootObject = 96BE2E8C266D628F0020F833 /* Project object */;
}
